
Microsoft Visual Studio Solution File, Format Version 12.00
# Visual Studio Version 17
VisualStudioVersion = 17.6.33801.468
MinimumVisualStudioVersion = 10.0.40219.1
Project("{FAE04EC0-301F-11D3-BF4B-00C04F79EFBC}") = "Northwind.Model", "Northwind.Model\Northwind.Model.csproj", "{D514A43E-5AE2-40AB-9A45-93550957B7A8}"
EndProject
Project("{FAE04EC0-301F-11D3-BF4B-00C04F79EFBC}") = "Northwind.Tests", "Northwind.Tests\Northwind.Tests.csproj", "{12CF71BA-5903-498C-BA0E-4BB5D79F2D3D}"
EndProject
Project("{FAE04EC0-301F-11D3-BF4B-00C04F79EFBC}") = "Northwind.Facade", "Northwind.Facade\Northwind.Facade.csproj", "{EB5E18B5-D614-4103-9DDB-39F097BCF14B}"
EndProject
Global
	GlobalSection(SolutionConfigurationPlatforms) = preSolution
		Debug|Any CPU = Debug|Any CPU
		Release|Any CPU = Release|Any CPU
	EndGlobalSection
	GlobalSection(ProjectConfigurationPlatforms) = postSolution
		{D514A43E-5AE2-40AB-9A45-93550957B7A8}.Debug|Any CPU.ActiveCfg = Debug|Any CPU
		{D514A43E-5AE2-40AB-9A45-93550957B7A8}.Debug|Any CPU.Build.0 = Debug|Any CPU
		{D514A43E-5AE2-40AB-9A45-93550957B7A8}.Release|Any CPU.ActiveCfg = Release|Any CPU
		{D514A43E-5AE2-40AB-9A45-93550957B7A8}.Release|Any CPU.Build.0 = Release|Any CPU
		{12CF71BA-5903-498C-BA0E-4BB5D79F2D3D}.Debug|Any CPU.ActiveCfg = Debug|Any CPU
		{12CF71BA-5903-498C-BA0E-4BB5D79F2D3D}.Debug|Any CPU.Build.0 = Debug|Any CPU
		{12CF71BA-5903-498C-BA0E-4BB5D79F2D3D}.Release|Any CPU.ActiveCfg = Release|Any CPU
		{12CF71BA-5903-498C-BA0E-4BB5D79F2D3D}.Release|Any CPU.Build.0 = Release|Any CPU
		{EB5E18B5-D614-4103-9DDB-39F097BCF14B}.Debug|Any CPU.ActiveCfg = Debug|Any CPU
		{EB5E18B5-D614-4103-9DDB-39F097BCF14B}.Debug|Any CPU.Build.0 = Debug|Any CPU
		{EB5E18B5-D614-4103-9DDB-39F097BCF14B}.Release|Any CPU.ActiveCfg = Release|Any CPU
		{EB5E18B5-D614-4103-9DDB-39F097BCF14B}.Release|Any CPU.Build.0 = Release|Any CPU
	EndGlobalSection
	GlobalSection(SolutionProperties) = preSolution
		HideSolutionNode = FALSE
	EndGlobalSection
	GlobalSection(ExtensibilityGlobals) = postSolution
		SolutionGuid = {C439E921-8811-48A6-A50F-A70DD54371B4}
	EndGlobalSection
EndGlobal
