
Microsoft Visual Studio Solution File, Format Version 12.00
# Visual Studio Version 17
VisualStudioVersion = 17.6.33815.320
MinimumVisualStudioVersion = 10.0.40219.1
Project("{FAE04EC0-301F-11D3-BF4B-00C04F79EFBC}") = "wa9", "wa9\wa9.csproj", "{C0DD936C-8CCB-4F2C-AC4D-F60B41BBBDAC}"
EndProject
Project("{9A19103F-16F7-4668-BE54-9A1E7A4F7556}") = "Data", "Data\Data.csproj", "{58C9B147-D272-4618-BD43-2E32DBFABBB9}"
EndProject
Project("{FAE04EC0-301F-11D3-BF4B-00C04F79EFBC}") = "wa9.Tests", "wa9.Tests\wa9.Tests.csproj", "{96AE430A-8D93-4BA2-BA15-BAF0E168FFB0}"
EndProject
Project("{FAE04EC0-301F-11D3-BF4B-00C04F79EFBC}") = "wpf9", "wpf9\wpf9.csproj", "{B95399A9-39D6-4B59-B170-5089E4F460CE}"
EndProject
Global
	GlobalSection(SolutionConfigurationPlatforms) = preSolution
		Debug|Any CPU = Debug|Any CPU
		Release|Any CPU = Release|Any CPU
	EndGlobalSection
	GlobalSection(ProjectConfigurationPlatforms) = postSolution
		{C0DD936C-8CCB-4F2C-AC4D-F60B41BBBDAC}.Debug|Any CPU.ActiveCfg = Debug|Any CPU
		{C0DD936C-8CCB-4F2C-AC4D-F60B41BBBDAC}.Debug|Any CPU.Build.0 = Debug|Any CPU
		{C0DD936C-8CCB-4F2C-AC4D-F60B41BBBDAC}.Release|Any CPU.ActiveCfg = Release|Any CPU
		{C0DD936C-8CCB-4F2C-AC4D-F60B41BBBDAC}.Release|Any CPU.Build.0 = Release|Any CPU
		{58C9B147-D272-4618-BD43-2E32DBFABBB9}.Debug|Any CPU.ActiveCfg = Debug|Any CPU
		{58C9B147-D272-4618-BD43-2E32DBFABBB9}.Debug|Any CPU.Build.0 = Debug|Any CPU
		{58C9B147-D272-4618-BD43-2E32DBFABBB9}.Release|Any CPU.ActiveCfg = Release|Any CPU
		{58C9B147-D272-4618-BD43-2E32DBFABBB9}.Release|Any CPU.Build.0 = Release|Any CPU
		{96AE430A-8D93-4BA2-BA15-BAF0E168FFB0}.Debug|Any CPU.ActiveCfg = Debug|Any CPU
		{96AE430A-8D93-4BA2-BA15-BAF0E168FFB0}.Debug|Any CPU.Build.0 = Debug|Any CPU
		{96AE430A-8D93-4BA2-BA15-BAF0E168FFB0}.Release|Any CPU.ActiveCfg = Release|Any CPU
		{96AE430A-8D93-4BA2-BA15-BAF0E168FFB0}.Release|Any CPU.Build.0 = Release|Any CPU
		{B95399A9-39D6-4B59-B170-5089E4F460CE}.Debug|Any CPU.ActiveCfg = Debug|Any CPU
		{B95399A9-39D6-4B59-B170-5089E4F460CE}.Debug|Any CPU.Build.0 = Debug|Any CPU
		{B95399A9-39D6-4B59-B170-5089E4F460CE}.Release|Any CPU.ActiveCfg = Release|Any CPU
		{B95399A9-39D6-4B59-B170-5089E4F460CE}.Release|Any CPU.Build.0 = Release|Any CPU
	EndGlobalSection
	GlobalSection(SolutionProperties) = preSolution
		HideSolutionNode = FALSE
	EndGlobalSection
	GlobalSection(ExtensibilityGlobals) = postSolution
		SolutionGuid = {9AC0B6C7-9D18-4611-93AA-C01957F6CF57}
	EndGlobalSection
EndGlobal
